
Microsoft Visual Studio Solution File, Format Version 12.00
# Visual Studio Version 16
VisualStudioVersion = 16.0.31205.134
MinimumVisualStudioVersion = 10.0.40219.1
Project("{9A19103F-16F7-4668-BE54-9A1E7A4F7556}") = "PythagoreanTheormCalc", "PythagoreanTheormCalc\PythagoreanTheormCalc.csproj", "{D00F90FF-7C0E-4011-8DF6-876383E7ABE5}"
EndProject
Project("{FAE04EC0-301F-11D3-BF4B-00C04F79EFBC}") = "PythagoreanTheormCalcAvalonia", "PythagoreanTheormCalcAvalonia\PythagoreanTheormCalcAvalonia.csproj", "{9560BC81-9371-4D05-9163-43EDE888546A}"
EndProject
Global
	GlobalSection(SolutionConfigurationPlatforms) = preSolution
		Debug|Any CPU = Debug|Any CPU
		Release|Any CPU = Release|Any CPU
	EndGlobalSection
	GlobalSection(ProjectConfigurationPlatforms) = postSolution
		{D00F90FF-7C0E-4011-8DF6-876383E7ABE5}.Debug|Any CPU.ActiveCfg = Debug|Any CPU
		{D00F90FF-7C0E-4011-8DF6-876383E7ABE5}.Debug|Any CPU.Build.0 = Debug|Any CPU
		{D00F90FF-7C0E-4011-8DF6-876383E7ABE5}.Release|Any CPU.ActiveCfg = Release|Any CPU
		{D00F90FF-7C0E-4011-8DF6-876383E7ABE5}.Release|Any CPU.Build.0 = Release|Any CPU
		{9560BC81-9371-4D05-9163-43EDE888546A}.Debug|Any CPU.ActiveCfg = Debug|Any CPU
		{9560BC81-9371-4D05-9163-43EDE888546A}.Debug|Any CPU.Build.0 = Debug|Any CPU
		{9560BC81-9371-4D05-9163-43EDE888546A}.Release|Any CPU.ActiveCfg = Release|Any CPU
		{9560BC81-9371-4D05-9163-43EDE888546A}.Release|Any CPU.Build.0 = Release|Any CPU
	EndGlobalSection
	GlobalSection(SolutionProperties) = preSolution
		HideSolutionNode = FALSE
	EndGlobalSection
	GlobalSection(ExtensibilityGlobals) = postSolution
		SolutionGuid = {B5774C10-A156-4528-9C04-9E694B24FEA6}
	EndGlobalSection
EndGlobal
